
Microsoft Visual Studio Solution File, Format Version 12.00
# Visual Studio Version 17
VisualStudioVersion = 17.8.34511.84
MinimumVisualStudioVersion = 10.0.40219.1
Project("{FAE04EC0-301F-11D3-BF4B-00C04F79EFBC}") = "QuanLyNhanSu_WebApp", "QuanLyNhanSu_WebApp\QuanLyNhanSu_WebApp.csproj", "{73AC8C70-246B-4644-83AF-8AF923E84F89}"
EndProject
Global
	GlobalSection(SolutionConfigurationPlatforms) = preSolution
		Debug|Any CPU = Debug|Any CPU
		Release|Any CPU = Release|Any CPU
	EndGlobalSection
	GlobalSection(ProjectConfigurationPlatforms) = postSolution
		{73AC8C70-246B-4644-83AF-8AF923E84F89}.Debug|Any CPU.ActiveCfg = Debug|Any CPU
		{73AC8C70-246B-4644-83AF-8AF923E84F89}.Debug|Any CPU.Build.0 = Debug|Any CPU
		{73AC8C70-246B-4644-83AF-8AF923E84F89}.Release|Any CPU.ActiveCfg = Release|Any CPU
		{73AC8C70-246B-4644-83AF-8AF923E84F89}.Release|Any CPU.Build.0 = Release|Any CPU
	EndGlobalSection
	GlobalSection(SolutionProperties) = preSolution
		HideSolutionNode = FALSE
	EndGlobalSection
	GlobalSection(ExtensibilityGlobals) = postSolution
		SolutionGuid = {5BAAF2C1-2CA6-468F-AC73-9989C2FD5D41}
	EndGlobalSection
EndGlobal
